// !$*UTF8*$!
{
	archiveVersion = 1;
	classes = {
	};
	objectVersion = 55;
	objects = {

/* Begin PBXBuildFile section */
		3CECAF6027F5BBB0008CF1D7 /* AppDelegate.swift in Sources */ = {isa = PBXBuildFile; fileRef = 3CECAF5F27F5BBB0008CF1D7 /* AppDelegate.swift */; };
		3CECAF6227F5BBB0008CF1D7 /* SceneDelegate.swift in Sources */ = {isa = PBXBuildFile; fileRef = 3CECAF6127F5BBB0008CF1D7 /* SceneDelegate.swift */; };
		3CECAF6427F5BBB0008CF1D7 /* ViewController.swift in Sources */ = {isa = PBXBuildFile; fileRef = 3CECAF6327F5BBB0008CF1D7 /* ViewController.swift */; };
		3CECAF6727F5BBB0008CF1D7 /* Main.storyboard in Resources */ = {isa = PBXBuildFile; fileRef = 3CECAF6527F5BBB0008CF1D7 /* Main.storyboard */; };
		3CECAF6927F5BBB4008CF1D7 /* Assets.xcassets in Resources */ = {isa = PBXBuildFile; fileRef = 3CECAF6827F5BBB4008CF1D7 /* Assets.xcassets */; };
		3CECAF6C27F5BBB4008CF1D7 /* LaunchScreen.storyboard in Resources */ = {isa = PBXBuildFile; fileRef = 3CECAF6A27F5BBB4008CF1D7 /* LaunchScreen.storyboard */; };
/* End PBXBuildFile section */

/* Begin PBXFileReference section */
		3CECAF5C27F5BBB0008CF1D7 /* BMI My Calck.app */ = {isa = PBXFileReference; explicitFileType = wrapper.application; includeInIndex = 0; path = "BMI My Calck.app"; sourceTree = BUILT_PRODUCTS_DIR; };
		3CECAF5F27F5BBB0008CF1D7 /* AppDelegate.swift */ = {isa = PBXFileReference; lastKnownFileType = sourcecode.swift; path = AppDelegate.swift; sourceTree = "<group>"; };
		3CECAF6127F5BBB0008CF1D7 /* SceneDelegate.swift */ = {isa = PBXFileReference; lastKnownFileType = sourcecode.swift; path = SceneDelegate.swift; sourceTree = "<group>"; };
		3CECAF6327F5BBB0008CF1D7 /* ViewController.swift */ = {isa = PBXFileReference; lastKnownFileType = sourcecode.swift; path = ViewController.swift; sourceTree = "<group>"; };
		3CECAF6627F5BBB0008CF1D7 /* Base */ = {isa = PBXFileReference; lastKnownFileType = file.storyboard; name = Base; path = Base.lproj/Main.storyboard; sourceTree = "<group>"; };
		3CECAF6827F5BBB4008CF1D7 /* Assets.xcassets */ = {isa = PBXFileReference; lastKnownFileType = folder.assetcatalog; path = Assets.xcassets; sourceTree = "<group>"; };
		3CECAF6B27F5BBB4008CF1D7 /* Base */ = {isa = PBXFileReference; lastKnownFileType = file.storyboard; name = Base; path = Base.lproj/LaunchScreen.storyboard; sourceTree = "<group>"; };
		3CECAF6D27F5BBB4008CF1D7 /* Info.plist */ = {isa = PBXFileReference; lastKnownFileType = text.plist.xml; path = Info.plist; sourceTree = "<group>"; };
/* End PBXFileReference section */

/* Begin PBXFrameworksBuildPhase section */
		3CECAF5927F5BBB0008CF1D7 /* Frameworks */ = {
			isa = PBXFrameworksBuildPhase;
			buildActionMask = 2147483647;
			files = (
			);
			runOnlyForDeploymentPostprocessing = 0;
		};
/* End PBXFrameworksBuildPhase section */

/* Begin PBXGroup section */
		3CECAF5327F5BBB0008CF1D7 = {
			isa = PBXGroup;
			children = (
				3CECAF5E27F5BBB0008CF1D7 /* BMI My Calck */,
				3CECAF5D27F5BBB0008CF1D7 /* Products */,
			);
			sourceTree = "<group>";
		};
		3CECAF5D27F5BBB0008CF1D7 /* Products */ = {
			isa = PBXGroup;
			children = (
				3CECAF5C27F5BBB0008CF1D7 /* BMI My Calck.app */,
			);
			name = Products;
			sourceTree = "<group>";
		};
		3CECAF5E27F5BBB0008CF1D7 /* BMI My Calck */ = {
			isa = PBXGroup;
			children = (
				3CECAF5F27F5BBB0008CF1D7 /* AppDelegate.swift */,
				3CECAF6127F5BBB0008CF1D7 /* SceneDelegate.swift */,
				3CECAF9C27F5F87A008CF1D7 /* Model */,
				3CECAF9B27F5F860008CF1D7 /* Views */,
				3CECAF9A27F5F852008CF1D7 /* Controllers */,
				3CECAF6827F5BBB4008CF1D7 /* Assets.xcassets */,
				3CECAF6A27F5BBB4008CF1D7 /* LaunchScreen.storyboard */,
				3CECAF6D27F5BBB4008CF1D7 /* Info.plist */,
			);
			path = "BMI My Calck";
			sourceTree = "<group>";
		};
		3CECAF9A27F5F852008CF1D7 /* Controllers */ = {
			isa = PBXGroup;
			children = (
				3CECAF6327F5BBB0008CF1D7 /* ViewController.swift */,
			);
			path = Controllers;
			sourceTree = "<group>";
		};
		3CECAF9B27F5F860008CF1D7 /* Views */ = {
			isa = PBXGroup;
			children = (
				3CECAF6527F5BBB0008CF1D7 /* Main.storyboard */,
			);
			path = Views;
			sourceTree = "<group>";
		};
		3CECAF9C27F5F87A008CF1D7 /* Model */ = {
			isa = PBXGroup;
			children = (
			);
			path = Model;
			sourceTree = "<group>";
		};
/* End PBXGroup section */

/* Begin PBXNativeTarget section */
		3CECAF5B27F5BBB0008CF1D7 /* BMI My Calck */ = {
			isa = PBXNativeTarget;
			buildConfigurationList = 3CECAF7027F5BBB4008CF1D7 /* Build configuration list for PBXNativeTarget "BMI My Calck" */;
			buildPhases = (
				3CECAF5827F5BBB0008CF1D7 /* Sources */,
				3CECAF5927F5BBB0008CF1D7 /* Frameworks */,
				3CECAF5A27F5BBB0008CF1D7 /* Resources */,
			);
			buildRules = (
			);
			dependencies = (
			);
			name = "BMI My Calck";
			productName = "BMI My Calck";
			productReference = 3CECAF5C27F5BBB0008CF1D7 /* BMI My Calck.app */;
			productType = "com.apple.product-type.application";
		};
/* End PBXNativeTarget section */

/* Begin PBXProject section */
		3CECAF5427F5BBB0008CF1D7 /* Project object */ = {
			isa = PBXProject;
			attributes = {
				BuildIndependentTargetsInParallel = 1;
				LastSwiftUpdateCheck = 1330;
				LastUpgradeCheck = 1330;
				TargetAttributes = {
					3CECAF5B27F5BBB0008CF1D7 = {
						CreatedOnToolsVersion = 13.3;
					};
				};
			};
			buildConfigurationList = 3CECAF5727F5BBB0008CF1D7 /* Build configuration list for PBXProject "BMI My Calck" */;
			compatibilityVersion = "Xcode 13.0";
			developmentRegion = en;
			hasScannedForEncodings = 0;
			knownRegions = (
				en,
				Base,
			);
			mainGroup = 3CECAF5327F5BBB0008CF1D7;
			productRefGroup = 3CECAF5D27F5BBB0008CF1D7 /* Products */;
			projectDirPath = "";
			projectRoot = "";
			targets = (
				3CECAF5B27F5BBB0008CF1D7 /* BMI My Calck */,
			);
		};
/* End PBXProject section */

/* Begin PBXResourcesBuildPhase section */
		3CECAF5A27F5BBB0008CF1D7 /* Resources */ = {
			isa = PBXResourcesBuildPhase;
			buildActionMask = 2147483647;
			files = (
				3CECAF6C27F5BBB4008CF1D7 /* LaunchScreen.storyboard in Resources */,
				3CECAF6927F5BBB4008CF1D7 /* Assets.xcassets in Resources */,
				3CECAF6727F5BBB0008CF1D7 /* Main.storyboard in Resources */,
			);
			runOnlyForDeploymentPostprocessing = 0;
		};
/* End PBXResourcesBuildPhase section */

/* Begin PBXSourcesBuildPhase section */
		3CECAF5827F5BBB0008CF1D7 /* Sources */ = {
			isa = PBXSourcesBuildPhase;
			buildActionMask = 2147483647;
			files = (
				3CECAF6427F5BBB0008CF1D7 /* ViewController.swift in Sources */,
				3CECAF6027F5BBB0008CF1D7 /* AppDelegate.swift in Sources */,
				3CECAF6227F5BBB0008CF1D7 /* SceneDelegate.swift in Sources */,
			);
			runOnlyForDeploymentPostprocessing = 0;
		};
/* End PBXSourcesBuildPhase section */

/* Begin PBXVariantGroup section */
		3CECAF6527F5BBB0008CF1D7 /* Main.storyboard */ = {
			isa = PBXVariantGroup;
			children = (
				3CECAF6627F5BBB0008CF1D7 /* Base */,
			);
			name = Main.storyboard;
			sourceTree = "<group>";
		};
		3CECAF6A27F5BBB4008CF1D7 /* LaunchScreen.storyboard */ = {
			isa = PBXVariantGroup;
			children = (
				3CECAF6B27F5BBB4008CF1D7 /* Base */,
			);
			name = LaunchScreen.storyboard;
			sourceTree = "<group>";
		};
/* End PBXVariantGroup section */

/* Begin XCBuildConfiguration section */
		3CECAF6E27F5BBB4008CF1D7 /* Debug */ = {
			isa = XCBuildConfiguration;
			buildSettings = {
				ALWAYS_SEARCH_USER_PATHS = NO;
				CLANG_ANALYZER_NONNULL = YES;
				CLANG_ANALYZER_NUMBER_OBJECT_CONVERSION = YES_AGGRESSIVE;
				CLANG_CXX_LANGUAGE_STANDARD = "gnu++17";
				CLANG_ENABLE_MODULES = YES;
				CLANG_ENABLE_OBJC_ARC = YES;
				CLANG_ENABLE_OBJC_WEAK = YES;
				CLANG_WARN_BLOCK_CAPTURE_AUTORELEASING = YES;
				CLANG_WARN_BOOL_CONVERSION = YES;
				CLANG_WARN_COMMA = YES;
				CLANG_WARN_CONSTANT_CONVERSION = YES;
				CLANG_WARN_DEPRECATED_OBJC_IMPLEMENTATIONS = YES;
				CLANG_WARN_DIRECT_OBJC_ISA_USAGE = YES_ERROR;
				CLANG_WARN_DOCUMENTATION_COMMENTS = YES;
				CLANG_WARN_EMPTY_BODY = YES;
				CLANG_WARN_ENUM_CONVERSION = YES;
				CLANG_WARN_INFINITE_RECURSION = YES;
				CLANG_WARN_INT_CONVERSION = YES;
				CLANG_WARN_NON_LITERAL_NULL_CONVERSION = YES;
				CLANG_WARN_OBJC_IMPLICIT_RETAIN_SELF = YES;
				CLANG_WARN_OBJC_LITERAL_CONVERSION = YES;
				CLANG_WARN_OBJC_ROOT_CLASS = YES_ERROR;
				CLANG_WARN_QUOTED_INCLUDE_IN_FRAMEWORK_HEADER = YES;
				CLANG_WARN_RANGE_LOOP_ANALYSIS = YES;
				CLANG_WARN_STRICT_PROTOTYPES = YES;
				CLANG_WARN_SUSPICIOUS_MOVE = YES;
				CLANG_WARN_UNGUARDED_AVAILABILITY = YES_AGGRESSIVE;
				CLANG_WARN_UNREACHABLE_CODE = YES;
				CLANG_WARN__DUPLICATE_METHOD_MATCH = YES;
				COPY_PHASE_STRIP = NO;
				DEBUG_INFORMATION_FORMAT = dwarf;
				ENABLE_STRICT_OBJC_MSGSEND = YES;
				ENABLE_TESTABILITY = YES;
				GCC_C_LANGUAGE_STANDARD = gnu11;
				GCC_DYNAMIC_NO_PIC = NO;
				GCC_NO_COMMON_BLOCKS = YES;
				GCC_OPTIMIZATION_LEVEL = 0;
				GCC_PREPROCESSOR_DEFINITIONS = (
					"DEBUG=1",
					"$(inherited)",
				);
				GCC_WARN_64_TO_32_BIT_CONVERSION = YES;
				GCC_WARN_ABOUT_RETURN_TYPE = YES_ERROR;
				GCC_WARN_UNDECLARED_SELECTOR = YES;
				GCC_WARN_UNINITIALIZED_AUTOS = YES_AGGRESSIVE;
				GCC_WARN_UNUSED_FUNCTION = YES;
				GCC_WARN_UNUSED_VARIABLE = YES;
				IPHONEOS_DEPLOYMENT_TARGET = 15.4;
				MTL_ENABLE_DEBUG_INFO = INCLUDE_SOURCE;
				MTL_FAST_MATH = YES;
				ONLY_ACTIVE_ARCH = YES;
				SDKROOT = iphoneos;
				SWIFT_ACTIVE_COMPILATION_CONDITIONS = DEBUG;
				SWIFT_OPTIMIZATION_LEVEL = "-Onone";
			};
			name = Debug;
		};
		3CECAF6F27F5BBB4008CF1D7 /* Release */ = {
			isa = XCBuildConfiguration;
			buildSettings = {
				ALWAYS_SEARCH_USER_PATHS = NO;
				CLANG_ANALYZER_NONNULL = YES;
				CLANG_ANALYZER_NUMBER_OBJECT_CONVERSION = YES_AGGRESSIVE;
				CLANG_CXX_LANGUAGE_STANDARD = "gnu++17";
				CLANG_ENABLE_MODULES = YES;
				CLANG_ENABLE_OBJC_ARC = YES;
				CLANG_ENABLE_OBJC_WEAK = YES;
				CLANG_WARN_BLOCK_CAPTURE_AUTORELEASING = YES;
				CLANG_WARN_BOOL_CONVERSION = YES;
				CLANG_WARN_COMMA = YES;
				CLANG_WARN_CONSTANT_CONVERSION = YES;
				CLANG_WARN_DEPRECATED_OBJC_IMPLEMENTATIONS = YES;
				CLANG_WARN_DIRECT_OBJC_ISA_USAGE = YES_ERROR;
				CLANG_WARN_DOCUMENTATION_COMMENTS = YES;
				CLANG_WARN_EMPTY_BODY = YES;
				CLANG_WARN_ENUM_CONVERSION = YES;
				CLANG_WARN_INFINITE_RECURSION = YES;
				CLANG_WARN_INT_CONVERSION = YES;
				CLANG_WARN_NON_LITERAL_NULL_CONVERSION = YES;
				CLANG_WARN_OBJC_IMPLICIT_RETAIN_SELF = YES;
				CLANG_WARN_OBJC_LITERAL_CONVERSION = YES;
				CLANG_WARN_OBJC_ROOT_CLASS = YES_ERROR;
				CLANG_WARN_QUOTED_INCLUDE_IN_FRAMEWORK_HEADER = YES;
				CLANG_WARN_RANGE_LOOP_ANALYSIS = YES;
				CLANG_WARN_STRICT_PROTOTYPES = YES;
				CLANG_WARN_SUSPICIOUS_MOVE = YES;
				CLANG_WARN_UNGUARDED_AVAILABILITY = YES_AGGRESSIVE;
				CLANG_WARN_UNREACHABLE_CODE = YES;
				CLANG_WARN__DUPLICATE_METHOD_MATCH = YES;
				COPY_PHASE_STRIP = NO;
				DEBUG_INFORMATION_FORMAT = "dwarf-with-dsym";
				ENABLE_NS_ASSERTIONS = NO;
				ENABLE_STRICT_OBJC_MSGSEND = YES;
				GCC_C_LANGUAGE_STANDARD = gnu11;
				GCC_NO_COMMON_BLOCKS = YES;
				GCC_WARN_64_TO_32_BIT_CONVERSION = YES;
				GCC_WARN_ABOUT_RETURN_TYPE = YES_ERROR;
				GCC_WARN_UNDECLARED_SELECTOR = YES;
				GCC_WARN_UNINITIALIZED_AUTOS = YES_AGGRESSIVE;
				GCC_WARN_UNUSED_FUNCTION = YES;
				GCC_WARN_UNUSED_VARIABLE = YES;
				IPHONEOS_DEPLOYMENT_TARGET = 15.4;
				MTL_ENABLE_DEBUG_INFO = NO;
				MTL_FAST_MATH = YES;
				SDKROOT = iphoneos;
				SWIFT_COMPILATION_MODE = wholemodule;
				SWIFT_OPTIMIZATION_LEVEL = "-O";
				VALIDATE_PRODUCT = YES;
			};
			name = Release;
		};
		3CECAF7127F5BBB4008CF1D7 /* Debug */ = {
			isa = XCBuildConfiguration;
			buildSettings = {
				ASSETCATALOG_COMPILER_APPICON_NAME = AppIcon;
				ASSETCATALOG_COMPILER_GLOBAL_ACCENT_COLOR_NAME = AccentColor;
				CODE_SIGN_STYLE = Automatic;
				CURRENT_PROJECT_VERSION = 1;
				DEVELOPMENT_TEAM = RQYPG8XK25;
				GENERATE_INFOPLIST_FILE = YES;
				INFOPLIST_FILE = "BMI My Calck/Info.plist";
				INFOPLIST_KEY_UIApplicationSupportsIndirectInputEvents = YES;
				INFOPLIST_KEY_UILaunchStoryboardName = LaunchScreen;
				INFOPLIST_KEY_UIMainStoryboardFile = Main;
				INFOPLIST_KEY_UISupportedInterfaceOrientations_iPad = "UIInterfaceOrientationPortrait UIInterfaceOrientationPortraitUpsideDown UIInterfaceOrientationLandscapeLeft UIInterfaceOrientationLandscapeRight";
				INFOPLIST_KEY_UISupportedInterfaceOrientations_iPhone = "UIInterfaceOrientationPortrait UIInterfaceOrientationLandscapeLeft UIInterfaceOrientationLandscapeRight";
				LD_RUNPATH_SEARCH_PATHS = (
					"$(inherited)",
					"@executable_path/Frameworks",
				);
				MARKETING_VERSION = 1.0;
				PRODUCT_BUNDLE_IDENTIFIER = "com.ckost9n.BMI-My-Calck";
				PRODUCT_NAME = "$(TARGET_NAME)";
				SWIFT_EMIT_LOC_STRINGS = YES;
				SWIFT_VERSION = 5.0;
				TARGETED_DEVICE_FAMILY = "1,2";
			};
			name = Debug;
		};
		3CECAF7227F5BBB4008CF1D7 /* Release */ = {
			isa = XCBuildConfiguration;
			buildSettings = {
				ASSETCATALOG_COMPILER_APPICON_NAME = AppIcon;
				ASSETCATALOG_COMPILER_GLOBAL_ACCENT_COLOR_NAME = AccentColor;
				CODE_SIGN_STYLE = Automatic;
				CURRENT_PROJECT_VERSION = 1;
				DEVELOPMENT_TEAM = RQYPG8XK25;
				GENERATE_INFOPLIST_FILE = YES;
				INFOPLIST_FILE = "BMI My Calck/Info.plist";
				INFOPLIST_KEY_UIApplicationSupportsIndirectInputEvents = YES;
				INFOPLIST_KEY_UILaunchStoryboardName = LaunchScreen;
				INFOPLIST_KEY_UIMainStoryboardFile = Main;
				INFOPLIST_KEY_UISupportedInterfaceOrientations_iPad = "UIInterfaceOrientationPortrait UIInterfaceOrientationPortraitUpsideDown UIInterfaceOrientationLandscapeLeft UIInterfaceOrientationLandscapeRight";
				INFOPLIST_KEY_UISupportedInterfaceOrientations_iPhone = "UIInterfaceOrientationPortrait UIInterfaceOrientationLandscapeLeft UIInterfaceOrientationLandscapeRight";
				LD_RUNPATH_SEARCH_PATHS = (
					"$(inherited)",
					"@executable_path/Frameworks",
				);
				MARKETING_VERSION = 1.0;
				PRODUCT_BUNDLE_IDENTIFIER = "com.ckost9n.BMI-My-Calck";
				PRODUCT_NAME = "$(TARGET_NAME)";
				SWIFT_EMIT_LOC_STRINGS = YES;
				SWIFT_VERSION = 5.0;
				TARGETED_DEVICE_FAMILY = "1,2";
			};
			name = Release;
		};
/* End XCBuildConfiguration section */

/* Begin XCConfigurationList section */
		3CECAF5727F5BBB0008CF1D7 /* Build configuration list for PBXProject "BMI My Calck" */ = {
			isa = XCConfigurationList;
			buildConfigurations = (
				3CECAF6E27F5BBB4008CF1D7 /* Debug */,
				3CECAF6F27F5BBB4008CF1D7 /* Release */,
			);
			defaultConfigurationIsVisible = 0;
			defaultConfigurationName = Release;
		};
		3CECAF7027F5BBB4008CF1D7 /* Build configuration list for PBXNativeTarget "BMI My Calck" */ = {
			isa = XCConfigurationList;
			buildConfigurations = (
				3CECAF7127F5BBB4008CF1D7 /* Debug */,
				3CECAF7227F5BBB4008CF1D7 /* Release */,
			);
			defaultConfigurationIsVisible = 0;
			defaultConfigurationName = Release;
		};
/* End XCConfigurationList section */
	};
	rootObject = 3CECAF5427F5BBB0008CF1D7 /* Project object */;
}
